{
    "_readme": [
        "This file locks the dependencies of your project to a known state",
        "Read more about it at https://getcomposer.org/doc/01-basic-usage.md#installing-dependencies",
        "This file is @generated automatically"
    ],
    "content-hash": "bb46837d633f73fe507007ba454df8b3",
    "packages": [
        {
            "name": "itmar/loader-package",
            "version": "v1.1.0",
            "source": {
                "type": "git",
                "url": "https://github.com/itmaroon/loader-package.git",
                "reference": "9b4ff033396e2c96b84b191b6f3e897f57400c2e"
            },
            "dist": {
                "type": "zip",
                "url": "https://api.github.com/repos/itmaroon/loader-package/zipball/9b4ff033396e2c96b84b191b6f3e897f57400c2e",
                "reference": "9b4ff033396e2c96b84b191b6f3e897f57400c2e",
                "shasum": ""
            },
            "type": "library",
            "autoload": {
                "psr-4": {
                    "Itmar\\Autoloader\\": "src/"
                }
            },
            "notification-url": "https://packagist.org/downloads/",
            "license": [
                "MIT"
            ],
            "authors": [
                {
                    "name": "itmaroon",
                    "email": "master@itmaroon.net"
                }
            ],
            "description": "This package provides the ability to load classes via Composer's PSR-4 configuration without relying on the autoloader. This is useful when you want to avoid class conflicts between loaders in multiple plugins.",
            "support": {
                "issues": "https://github.com/itmaroon/loader-package/issues",
                "source": "https://github.com/itmaroon/loader-package/tree/v1.1.0"
            },
            "time": "2025-05-03T12:36:23+00:00"
        }
    ],
    "packages-dev": [],
    "aliases": [],
    "minimum-stability": "stable",
    "stability-flags": [],
    "prefer-stable": false,
    "prefer-lowest": false,
    "platform": [],
    "platform-dev": [],
    "plugin-api-version": "2.6.0"
}
